
Microsoft Visual Studio Solution File, Format Version 11.00
# Visual Studio 2010
Project("{888888A0-9F3D-457C-B088-3A5042F75D52}") = "vs", "vs.pyproj", "{AFE20729-2CEE-4E64-8655-09DB2D5B4A4F}"
EndProject
Global
	GlobalSection(SolutionConfigurationPlatforms) = preSolution
		Debug|Any CPU = Debug|Any CPU
		Release|Any CPU = Release|Any CPU
	EndGlobalSection
	GlobalSection(ProjectConfigurationPlatforms) = postSolution
		{AFE20729-2CEE-4E64-8655-09DB2D5B4A4F}.Debug|Any CPU.ActiveCfg = Debug|Any CPU
		{AFE20729-2CEE-4E64-8655-09DB2D5B4A4F}.Release|Any CPU.ActiveCfg = Release|Any CPU
	EndGlobalSection
	GlobalSection(SolutionProperties) = preSolution
		HideSolutionNode = FALSE
	EndGlobalSection
EndGlobal
